// !$*UTF8*$!
{
	archiveVersion = 1;
	classes = {
	};
	objectVersion = 56;
	objects = {

/* Begin PBXBuildFile section */
		263607AE2A02E1AA00C0765E /* AppDelegate.swift in Sources */ = {isa = PBXBuildFile; fileRef = 263607AD2A02E1AA00C0765E /* AppDelegate.swift */; };
		263607B02A02E1AA00C0765E /* SceneDelegate.swift in Sources */ = {isa = PBXBuildFile; fileRef = 263607AF2A02E1AA00C0765E /* SceneDelegate.swift */; };
		263607B22A02E1AA00C0765E /* ViewController.swift in Sources */ = {isa = PBXBuildFile; fileRef = 263607B12A02E1AA00C0765E /* ViewController.swift */; };
		263607B52A02E1AA00C0765E /* Main.storyboard in Resources */ = {isa = PBXBuildFile; fileRef = 263607B32A02E1AA00C0765E /* Main.storyboard */; };
		263607B72A02E1AB00C0765E /* Assets.xcassets in Resources */ = {isa = PBXBuildFile; fileRef = 263607B62A02E1AB00C0765E /* Assets.xcassets */; };
		263607BA2A02E1AB00C0765E /* LaunchScreen.storyboard in Resources */ = {isa = PBXBuildFile; fileRef = 263607B82A02E1AB00C0765E /* LaunchScreen.storyboard */; };
		263607C32A02E5B700C0765E /* ListViewModel.swift in Sources */ = {isa = PBXBuildFile; fileRef = 263607C22A02E5B700C0765E /* ListViewModel.swift */; };
		263607C52A02E62700C0765E /* URLSessionManager.swift in Sources */ = {isa = PBXBuildFile; fileRef = 263607C42A02E62700C0765E /* URLSessionManager.swift */; };
		263607C82A02E69B00C0765E /* NetworkContants.swift in Sources */ = {isa = PBXBuildFile; fileRef = 263607C72A02E69B00C0765E /* NetworkContants.swift */; };
		263607CB2A02E79400C0765E /* CharactersResponseModel.swift in Sources */ = {isa = PBXBuildFile; fileRef = 263607CA2A02E79400C0765E /* CharactersResponseModel.swift */; };
		263607CE2A02E88E00C0765E /* ItemDetailViewController.swift in Sources */ = {isa = PBXBuildFile; fileRef = 263607CD2A02E88E00C0765E /* ItemDetailViewController.swift */; };
		263607D12A02E93C00C0765E /* ItemDetailsCell.swift in Sources */ = {isa = PBXBuildFile; fileRef = 263607CF2A02E93C00C0765E /* ItemDetailsCell.swift */; };
		263607D22A02E93C00C0765E /* ItemDetailsCell.xib in Resources */ = {isa = PBXBuildFile; fileRef = 263607D02A02E93C00C0765E /* ItemDetailsCell.xib */; };
		263607D52A02EEFC00C0765E /* UIImage+Downloadable.swift in Sources */ = {isa = PBXBuildFile; fileRef = 263607D42A02EEFC00C0765E /* UIImage+Downloadable.swift */; };
		263607D82A02FACA00C0765E /* ItemDetailsCell.swift in Sources */ = {isa = PBXBuildFile; fileRef = 263607CF2A02E93C00C0765E /* ItemDetailsCell.swift */; };
		263607D92A02FACA00C0765E /* ViewController.swift in Sources */ = {isa = PBXBuildFile; fileRef = 263607B12A02E1AA00C0765E /* ViewController.swift */; };
		263607DA2A02FACA00C0765E /* AppDelegate.swift in Sources */ = {isa = PBXBuildFile; fileRef = 263607AD2A02E1AA00C0765E /* AppDelegate.swift */; };
		263607DB2A02FACA00C0765E /* ItemDetailViewController.swift in Sources */ = {isa = PBXBuildFile; fileRef = 263607CD2A02E88E00C0765E /* ItemDetailViewController.swift */; };
		263607DC2A02FACA00C0765E /* NetworkContants.swift in Sources */ = {isa = PBXBuildFile; fileRef = 263607C72A02E69B00C0765E /* NetworkContants.swift */; };
		263607DD2A02FACA00C0765E /* UIImage+Downloadable.swift in Sources */ = {isa = PBXBuildFile; fileRef = 263607D42A02EEFC00C0765E /* UIImage+Downloadable.swift */; };
		263607DE2A02FACA00C0765E /* ListViewModel.swift in Sources */ = {isa = PBXBuildFile; fileRef = 263607C22A02E5B700C0765E /* ListViewModel.swift */; };
		263607DF2A02FACA00C0765E /* SceneDelegate.swift in Sources */ = {isa = PBXBuildFile; fileRef = 263607AF2A02E1AA00C0765E /* SceneDelegate.swift */; };
		263607E02A02FACA00C0765E /* URLSessionManager.swift in Sources */ = {isa = PBXBuildFile; fileRef = 263607C42A02E62700C0765E /* URLSessionManager.swift */; };
		263607E12A02FACA00C0765E /* CharactersResponseModel.swift in Sources */ = {isa = PBXBuildFile; fileRef = 263607CA2A02E79400C0765E /* CharactersResponseModel.swift */; };
		263607E42A02FACA00C0765E /* LaunchScreen.storyboard in Resources */ = {isa = PBXBuildFile; fileRef = 263607B82A02E1AB00C0765E /* LaunchScreen.storyboard */; };
		263607E52A02FACA00C0765E /* ItemDetailsCell.xib in Resources */ = {isa = PBXBuildFile; fileRef = 263607D02A02E93C00C0765E /* ItemDetailsCell.xib */; };
		263607E62A02FACA00C0765E /* Assets.xcassets in Resources */ = {isa = PBXBuildFile; fileRef = 263607B62A02E1AB00C0765E /* Assets.xcassets */; };
		263607E72A02FACA00C0765E /* Main.storyboard in Resources */ = {isa = PBXBuildFile; fileRef = 263607B32A02E1AA00C0765E /* Main.storyboard */; };
/* End PBXBuildFile section */

/* Begin PBXFileReference section */
		263607AA2A02E1AA00C0765E /* Simpsons Character Viewer.app */ = {isa = PBXFileReference; explicitFileType = wrapper.application; includeInIndex = 0; path = "Simpsons Character Viewer.app"; sourceTree = BUILT_PRODUCTS_DIR; };
		263607AD2A02E1AA00C0765E /* AppDelegate.swift */ = {isa = PBXFileReference; lastKnownFileType = sourcecode.swift; path = AppDelegate.swift; sourceTree = "<group>"; };
		263607AF2A02E1AA00C0765E /* SceneDelegate.swift */ = {isa = PBXFileReference; lastKnownFileType = sourcecode.swift; path = SceneDelegate.swift; sourceTree = "<group>"; };
		263607B12A02E1AA00C0765E /* ViewController.swift */ = {isa = PBXFileReference; lastKnownFileType = sourcecode.swift; path = ViewController.swift; sourceTree = "<group>"; };
		263607B42A02E1AA00C0765E /* Base */ = {isa = PBXFileReference; lastKnownFileType = file.storyboard; name = Base; path = Base.lproj/Main.storyboard; sourceTree = "<group>"; };
		263607B62A02E1AB00C0765E /* Assets.xcassets */ = {isa = PBXFileReference; lastKnownFileType = folder.assetcatalog; path = Assets.xcassets; sourceTree = "<group>"; };
		263607B92A02E1AB00C0765E /* Base */ = {isa = PBXFileReference; lastKnownFileType = file.storyboard; name = Base; path = Base.lproj/LaunchScreen.storyboard; sourceTree = "<group>"; };
		263607BB2A02E1AB00C0765E /* Info.plist */ = {isa = PBXFileReference; lastKnownFileType = text.plist.xml; path = Info.plist; sourceTree = "<group>"; };
		263607C22A02E5B700C0765E /* ListViewModel.swift */ = {isa = PBXFileReference; lastKnownFileType = sourcecode.swift; path = ListViewModel.swift; sourceTree = "<group>"; };
		263607C42A02E62700C0765E /* URLSessionManager.swift */ = {isa = PBXFileReference; lastKnownFileType = sourcecode.swift; path = URLSessionManager.swift; sourceTree = "<group>"; };
		263607C72A02E69B00C0765E /* NetworkContants.swift */ = {isa = PBXFileReference; lastKnownFileType = sourcecode.swift; path = NetworkContants.swift; sourceTree = "<group>"; };
		263607CA2A02E79400C0765E /* CharactersResponseModel.swift */ = {isa = PBXFileReference; lastKnownFileType = sourcecode.swift; path = CharactersResponseModel.swift; sourceTree = "<group>"; };
		263607CD2A02E88E00C0765E /* ItemDetailViewController.swift */ = {isa = PBXFileReference; lastKnownFileType = sourcecode.swift; path = ItemDetailViewController.swift; sourceTree = "<group>"; };
		263607CF2A02E93C00C0765E /* ItemDetailsCell.swift */ = {isa = PBXFileReference; lastKnownFileType = sourcecode.swift; path = ItemDetailsCell.swift; sourceTree = "<group>"; };
		263607D02A02E93C00C0765E /* ItemDetailsCell.xib */ = {isa = PBXFileReference; lastKnownFileType = file.xib; path = ItemDetailsCell.xib; sourceTree = "<group>"; };
		263607D42A02EEFC00C0765E /* UIImage+Downloadable.swift */ = {isa = PBXFileReference; lastKnownFileType = sourcecode.swift; path = "UIImage+Downloadable.swift"; sourceTree = "<group>"; };
		263607EB2A02FACA00C0765E /* The Wire Character Viewer.app */ = {isa = PBXFileReference; explicitFileType = wrapper.application; includeInIndex = 0; path = "The Wire Character Viewer.app"; sourceTree = BUILT_PRODUCTS_DIR; };
		263607EC2A02FACA00C0765E /* Simpsons Character Viewer copy-Info.plist */ = {isa = PBXFileReference; lastKnownFileType = text.plist.xml; name = "Simpsons Character Viewer copy-Info.plist"; path = "/Users/asifkhan/Desktop/iOSCodingChallenge/iOSCodingChallenge/Simpsons Character Viewer copy-Info.plist"; sourceTree = "<absolute>"; };
/* End PBXFileReference section */

/* Begin PBXFrameworksBuildPhase section */
		263607A72A02E1AA00C0765E /* Frameworks */ = {
			isa = PBXFrameworksBuildPhase;
			buildActionMask = 2147483647;
			files = (
			);
			runOnlyForDeploymentPostprocessing = 0;
		};
		263607E22A02FACA00C0765E /* Frameworks */ = {
			isa = PBXFrameworksBuildPhase;
			buildActionMask = 2147483647;
			files = (
			);
			runOnlyForDeploymentPostprocessing = 0;
		};
/* End PBXFrameworksBuildPhase section */

/* Begin PBXGroup section */
		263607A12A02E1AA00C0765E = {
			isa = PBXGroup;
			children = (
				263607AC2A02E1AA00C0765E /* iOSCodingChallenge */,
				263607AB2A02E1AA00C0765E /* Products */,
				263607EC2A02FACA00C0765E /* Simpsons Character Viewer copy-Info.plist */,
			);
			sourceTree = "<group>";
		};
		263607AB2A02E1AA00C0765E /* Products */ = {
			isa = PBXGroup;
			children = (
				263607AA2A02E1AA00C0765E /* Simpsons Character Viewer.app */,
				263607EB2A02FACA00C0765E /* The Wire Character Viewer.app */,
			);
			name = Products;
			sourceTree = "<group>";
		};
		263607AC2A02E1AA00C0765E /* iOSCodingChallenge */ = {
			isa = PBXGroup;
			children = (
				263607D32A02EED000C0765E /* Extension */,
				263607C92A02E76000C0765E /* APIResponseModels */,
				263607C62A02E62D00C0765E /* Networking */,
				263607C12A02E54100C0765E /* ListViewController */,
				263607AD2A02E1AA00C0765E /* AppDelegate.swift */,
				263607AF2A02E1AA00C0765E /* SceneDelegate.swift */,
				263607B32A02E1AA00C0765E /* Main.storyboard */,
				263607B62A02E1AB00C0765E /* Assets.xcassets */,
				263607B82A02E1AB00C0765E /* LaunchScreen.storyboard */,
				263607BB2A02E1AB00C0765E /* Info.plist */,
			);
			path = iOSCodingChallenge;
			sourceTree = "<group>";
		};
		263607C12A02E54100C0765E /* ListViewController */ = {
			isa = PBXGroup;
			children = (
				263607CC2A02E86C00C0765E /* ItemDetailViewController */,
				263607B12A02E1AA00C0765E /* ViewController.swift */,
				263607C22A02E5B700C0765E /* ListViewModel.swift */,
			);
			path = ListViewController;
			sourceTree = "<group>";
		};
		263607C62A02E62D00C0765E /* Networking */ = {
			isa = PBXGroup;
			children = (
				263607C42A02E62700C0765E /* URLSessionManager.swift */,
				263607C72A02E69B00C0765E /* NetworkContants.swift */,
			);
			path = Networking;
			sourceTree = "<group>";
		};
		263607C92A02E76000C0765E /* APIResponseModels */ = {
			isa = PBXGroup;
			children = (
				263607CA2A02E79400C0765E /* CharactersResponseModel.swift */,
			);
			path = APIResponseModels;
			sourceTree = "<group>";
		};
		263607CC2A02E86C00C0765E /* ItemDetailViewController */ = {
			isa = PBXGroup;
			children = (
				263607CD2A02E88E00C0765E /* ItemDetailViewController.swift */,
				263607CF2A02E93C00C0765E /* ItemDetailsCell.swift */,
				263607D02A02E93C00C0765E /* ItemDetailsCell.xib */,
			);
			path = ItemDetailViewController;
			sourceTree = "<group>";
		};
		263607D32A02EED000C0765E /* Extension */ = {
			isa = PBXGroup;
			children = (
				263607D42A02EEFC00C0765E /* UIImage+Downloadable.swift */,
			);
			path = Extension;
			sourceTree = "<group>";
		};
/* End PBXGroup section */

/* Begin PBXNativeTarget section */
		263607A92A02E1AA00C0765E /* Simpsons Character Viewer */ = {
			isa = PBXNativeTarget;
			buildConfigurationList = 263607BE2A02E1AB00C0765E /* Build configuration list for PBXNativeTarget "Simpsons Character Viewer" */;
			buildPhases = (
				263607A62A02E1AA00C0765E /* Sources */,
				263607A72A02E1AA00C0765E /* Frameworks */,
				263607A82A02E1AA00C0765E /* Resources */,
			);
			buildRules = (
			);
			dependencies = (
			);
			name = "Simpsons Character Viewer";
			productName = iOSCodingChallenge;
			productReference = 263607AA2A02E1AA00C0765E /* Simpsons Character Viewer.app */;
			productType = "com.apple.product-type.application";
		};
		263607D62A02FACA00C0765E /* The Wire Character Viewer */ = {
			isa = PBXNativeTarget;
			buildConfigurationList = 263607E82A02FACA00C0765E /* Build configuration list for PBXNativeTarget "The Wire Character Viewer" */;
			buildPhases = (
				263607D72A02FACA00C0765E /* Sources */,
				263607E22A02FACA00C0765E /* Frameworks */,
				263607E32A02FACA00C0765E /* Resources */,
			);
			buildRules = (
			);
			dependencies = (
			);
			name = "The Wire Character Viewer";
			productName = iOSCodingChallenge;
			productReference = 263607EB2A02FACA00C0765E /* The Wire Character Viewer.app */;
			productType = "com.apple.product-type.application";
		};
/* End PBXNativeTarget section */

/* Begin PBXProject section */
		263607A22A02E1AA00C0765E /* Project object */ = {
			isa = PBXProject;
			attributes = {
				BuildIndependentTargetsInParallel = 1;
				LastSwiftUpdateCheck = 1430;
				LastUpgradeCheck = 1430;
				TargetAttributes = {
					263607A92A02E1AA00C0765E = {
						CreatedOnToolsVersion = 14.3;
					};
				};
			};
			buildConfigurationList = 263607A52A02E1AA00C0765E /* Build configuration list for PBXProject "iOSCodingChallenge" */;
			compatibilityVersion = "Xcode 14.0";
			developmentRegion = en;
			hasScannedForEncodings = 0;
			knownRegions = (
				en,
				Base,
			);
			mainGroup = 263607A12A02E1AA00C0765E;
			productRefGroup = 263607AB2A02E1AA00C0765E /* Products */;
			projectDirPath = "";
			projectRoot = "";
			targets = (
				263607A92A02E1AA00C0765E /* Simpsons Character Viewer */,
				263607D62A02FACA00C0765E /* The Wire Character Viewer */,
			);
		};
/* End PBXProject section */

/* Begin PBXResourcesBuildPhase section */
		263607A82A02E1AA00C0765E /* Resources */ = {
			isa = PBXResourcesBuildPhase;
			buildActionMask = 2147483647;
			files = (
				263607BA2A02E1AB00C0765E /* LaunchScreen.storyboard in Resources */,
				263607D22A02E93C00C0765E /* ItemDetailsCell.xib in Resources */,
				263607B72A02E1AB00C0765E /* Assets.xcassets in Resources */,
				263607B52A02E1AA00C0765E /* Main.storyboard in Resources */,
			);
			runOnlyForDeploymentPostprocessing = 0;
		};
		263607E32A02FACA00C0765E /* Resources */ = {
			isa = PBXResourcesBuildPhase;
			buildActionMask = 2147483647;
			files = (
				263607E42A02FACA00C0765E /* LaunchScreen.storyboard in Resources */,
				263607E52A02FACA00C0765E /* ItemDetailsCell.xib in Resources */,
				263607E62A02FACA00C0765E /* Assets.xcassets in Resources */,
				263607E72A02FACA00C0765E /* Main.storyboard in Resources */,
			);
			runOnlyForDeploymentPostprocessing = 0;
		};
/* End PBXResourcesBuildPhase section */

/* Begin PBXSourcesBuildPhase section */
		263607A62A02E1AA00C0765E /* Sources */ = {
			isa = PBXSourcesBuildPhase;
			buildActionMask = 2147483647;
			files = (
				263607D12A02E93C00C0765E /* ItemDetailsCell.swift in Sources */,
				263607B22A02E1AA00C0765E /* ViewController.swift in Sources */,
				263607AE2A02E1AA00C0765E /* AppDelegate.swift in Sources */,
				263607CE2A02E88E00C0765E /* ItemDetailViewController.swift in Sources */,
				263607C82A02E69B00C0765E /* NetworkContants.swift in Sources */,
				263607D52A02EEFC00C0765E /* UIImage+Downloadable.swift in Sources */,
				263607C32A02E5B700C0765E /* ListViewModel.swift in Sources */,
				263607B02A02E1AA00C0765E /* SceneDelegate.swift in Sources */,
				263607C52A02E62700C0765E /* URLSessionManager.swift in Sources */,
				263607CB2A02E79400C0765E /* CharactersResponseModel.swift in Sources */,
			);
			runOnlyForDeploymentPostprocessing = 0;
		};
		263607D72A02FACA00C0765E /* Sources */ = {
			isa = PBXSourcesBuildPhase;
			buildActionMask = 2147483647;
			files = (
				263607D82A02FACA00C0765E /* ItemDetailsCell.swift in Sources */,
				263607D92A02FACA00C0765E /* ViewController.swift in Sources */,
				263607DA2A02FACA00C0765E /* AppDelegate.swift in Sources */,
				263607DB2A02FACA00C0765E /* ItemDetailViewController.swift in Sources */,
				263607DC2A02FACA00C0765E /* NetworkContants.swift in Sources */,
				263607DD2A02FACA00C0765E /* UIImage+Downloadable.swift in Sources */,
				263607DE2A02FACA00C0765E /* ListViewModel.swift in Sources */,
				263607DF2A02FACA00C0765E /* SceneDelegate.swift in Sources */,
				263607E02A02FACA00C0765E /* URLSessionManager.swift in Sources */,
				263607E12A02FACA00C0765E /* CharactersResponseModel.swift in Sources */,
			);
			runOnlyForDeploymentPostprocessing = 0;
		};
/* End PBXSourcesBuildPhase section */

/* Begin PBXVariantGroup section */
		263607B32A02E1AA00C0765E /* Main.storyboard */ = {
			isa = PBXVariantGroup;
			children = (
				263607B42A02E1AA00C0765E /* Base */,
			);
			name = Main.storyboard;
			sourceTree = "<group>";
		};
		263607B82A02E1AB00C0765E /* LaunchScreen.storyboard */ = {
			isa = PBXVariantGroup;
			children = (
				263607B92A02E1AB00C0765E /* Base */,
			);
			name = LaunchScreen.storyboard;
			sourceTree = "<group>";
		};
/* End PBXVariantGroup section */

/* Begin XCBuildConfiguration section */
		263607BC2A02E1AB00C0765E /* Debug */ = {
			isa = XCBuildConfiguration;
			buildSettings = {
				ALWAYS_SEARCH_USER_PATHS = NO;
				CLANG_ANALYZER_NONNULL = YES;
				CLANG_ANALYZER_NUMBER_OBJECT_CONVERSION = YES_AGGRESSIVE;
				CLANG_CXX_LANGUAGE_STANDARD = "gnu++20";
				CLANG_ENABLE_MODULES = YES;
				CLANG_ENABLE_OBJC_ARC = YES;
				CLANG_ENABLE_OBJC_WEAK = YES;
				CLANG_WARN_BLOCK_CAPTURE_AUTORELEASING = YES;
				CLANG_WARN_BOOL_CONVERSION = YES;
				CLANG_WARN_COMMA = YES;
				CLANG_WARN_CONSTANT_CONVERSION = YES;
				CLANG_WARN_DEPRECATED_OBJC_IMPLEMENTATIONS = YES;
				CLANG_WARN_DIRECT_OBJC_ISA_USAGE = YES_ERROR;
				CLANG_WARN_DOCUMENTATION_COMMENTS = YES;
				CLANG_WARN_EMPTY_BODY = YES;
				CLANG_WARN_ENUM_CONVERSION = YES;
				CLANG_WARN_INFINITE_RECURSION = YES;
				CLANG_WARN_INT_CONVERSION = YES;
				CLANG_WARN_NON_LITERAL_NULL_CONVERSION = YES;
				CLANG_WARN_OBJC_IMPLICIT_RETAIN_SELF = YES;
				CLANG_WARN_OBJC_LITERAL_CONVERSION = YES;
				CLANG_WARN_OBJC_ROOT_CLASS = YES_ERROR;
				CLANG_WARN_QUOTED_INCLUDE_IN_FRAMEWORK_HEADER = YES;
				CLANG_WARN_RANGE_LOOP_ANALYSIS = YES;
				CLANG_WARN_STRICT_PROTOTYPES = YES;
				CLANG_WARN_SUSPICIOUS_MOVE = YES;
				CLANG_WARN_UNGUARDED_AVAILABILITY = YES_AGGRESSIVE;
				CLANG_WARN_UNREACHABLE_CODE = YES;
				CLANG_WARN__DUPLICATE_METHOD_MATCH = YES;
				COPY_PHASE_STRIP = NO;
				DEBUG_INFORMATION_FORMAT = dwarf;
				ENABLE_STRICT_OBJC_MSGSEND = YES;
				ENABLE_TESTABILITY = YES;
				GCC_C_LANGUAGE_STANDARD = gnu11;
				GCC_DYNAMIC_NO_PIC = NO;
				GCC_NO_COMMON_BLOCKS = YES;
				GCC_OPTIMIZATION_LEVEL = 0;
				GCC_PREPROCESSOR_DEFINITIONS = (
					"DEBUG=1",
					"$(inherited)",
				);
				GCC_WARN_64_TO_32_BIT_CONVERSION = YES;
				GCC_WARN_ABOUT_RETURN_TYPE = YES_ERROR;
				GCC_WARN_UNDECLARED_SELECTOR = YES;
				GCC_WARN_UNINITIALIZED_AUTOS = YES_AGGRESSIVE;
				GCC_WARN_UNUSED_FUNCTION = YES;
				GCC_WARN_UNUSED_VARIABLE = YES;
				IPHONEOS_DEPLOYMENT_TARGET = 16.4;
				MTL_ENABLE_DEBUG_INFO = INCLUDE_SOURCE;
				MTL_FAST_MATH = YES;
				ONLY_ACTIVE_ARCH = YES;
				SDKROOT = iphoneos;
				SWIFT_ACTIVE_COMPILATION_CONDITIONS = DEBUG;
				SWIFT_OPTIMIZATION_LEVEL = "-Onone";
			};
			name = Debug;
		};
		263607BD2A02E1AB00C0765E /* Release */ = {
			isa = XCBuildConfiguration;
			buildSettings = {
				ALWAYS_SEARCH_USER_PATHS = NO;
				CLANG_ANALYZER_NONNULL = YES;
				CLANG_ANALYZER_NUMBER_OBJECT_CONVERSION = YES_AGGRESSIVE;
				CLANG_CXX_LANGUAGE_STANDARD = "gnu++20";
				CLANG_ENABLE_MODULES = YES;
				CLANG_ENABLE_OBJC_ARC = YES;
				CLANG_ENABLE_OBJC_WEAK = YES;
				CLANG_WARN_BLOCK_CAPTURE_AUTORELEASING = YES;
				CLANG_WARN_BOOL_CONVERSION = YES;
				CLANG_WARN_COMMA = YES;
				CLANG_WARN_CONSTANT_CONVERSION = YES;
				CLANG_WARN_DEPRECATED_OBJC_IMPLEMENTATIONS = YES;
				CLANG_WARN_DIRECT_OBJC_ISA_USAGE = YES_ERROR;
				CLANG_WARN_DOCUMENTATION_COMMENTS = YES;
				CLANG_WARN_EMPTY_BODY = YES;
				CLANG_WARN_ENUM_CONVERSION = YES;
				CLANG_WARN_INFINITE_RECURSION = YES;
				CLANG_WARN_INT_CONVERSION = YES;
				CLANG_WARN_NON_LITERAL_NULL_CONVERSION = YES;
				CLANG_WARN_OBJC_IMPLICIT_RETAIN_SELF = YES;
				CLANG_WARN_OBJC_LITERAL_CONVERSION = YES;
				CLANG_WARN_OBJC_ROOT_CLASS = YES_ERROR;
				CLANG_WARN_QUOTED_INCLUDE_IN_FRAMEWORK_HEADER = YES;
				CLANG_WARN_RANGE_LOOP_ANALYSIS = YES;
				CLANG_WARN_STRICT_PROTOTYPES = YES;
				CLANG_WARN_SUSPICIOUS_MOVE = YES;
				CLANG_WARN_UNGUARDED_AVAILABILITY = YES_AGGRESSIVE;
				CLANG_WARN_UNREACHABLE_CODE = YES;
				CLANG_WARN__DUPLICATE_METHOD_MATCH = YES;
				COPY_PHASE_STRIP = NO;
				DEBUG_INFORMATION_FORMAT = "dwarf-with-dsym";
				ENABLE_NS_ASSERTIONS = NO;
				ENABLE_STRICT_OBJC_MSGSEND = YES;
				GCC_C_LANGUAGE_STANDARD = gnu11;
				GCC_NO_COMMON_BLOCKS = YES;
				GCC_WARN_64_TO_32_BIT_CONVERSION = YES;
				GCC_WARN_ABOUT_RETURN_TYPE = YES_ERROR;
				GCC_WARN_UNDECLARED_SELECTOR = YES;
				GCC_WARN_UNINITIALIZED_AUTOS = YES_AGGRESSIVE;
				GCC_WARN_UNUSED_FUNCTION = YES;
				GCC_WARN_UNUSED_VARIABLE = YES;
				IPHONEOS_DEPLOYMENT_TARGET = 16.4;
				MTL_ENABLE_DEBUG_INFO = NO;
				MTL_FAST_MATH = YES;
				SDKROOT = iphoneos;
				SWIFT_COMPILATION_MODE = wholemodule;
				SWIFT_OPTIMIZATION_LEVEL = "-O";
				VALIDATE_PRODUCT = YES;
			};
			name = Release;
		};
		263607BF2A02E1AB00C0765E /* Debug */ = {
			isa = XCBuildConfiguration;
			buildSettings = {
				ASSETCATALOG_COMPILER_APPICON_NAME = AppIcon;
				ASSETCATALOG_COMPILER_GLOBAL_ACCENT_COLOR_NAME = AccentColor;
				CODE_SIGN_STYLE = Automatic;
				CURRENT_PROJECT_VERSION = 1;
				GENERATE_INFOPLIST_FILE = YES;
				INFOPLIST_FILE = iOSCodingChallenge/Info.plist;
				INFOPLIST_KEY_UIApplicationSupportsIndirectInputEvents = YES;
				INFOPLIST_KEY_UILaunchStoryboardName = LaunchScreen;
				INFOPLIST_KEY_UIMainStoryboardFile = Main;
				INFOPLIST_KEY_UISupportedInterfaceOrientations_iPad = "UIInterfaceOrientationPortrait UIInterfaceOrientationPortraitUpsideDown UIInterfaceOrientationLandscapeLeft UIInterfaceOrientationLandscapeRight";
				INFOPLIST_KEY_UISupportedInterfaceOrientations_iPhone = "UIInterfaceOrientationPortrait UIInterfaceOrientationLandscapeLeft UIInterfaceOrientationLandscapeRight";
				LD_RUNPATH_SEARCH_PATHS = (
					"$(inherited)",
					"@executable_path/Frameworks",
				);
				MARKETING_VERSION = 1.0;
				OTHER_SWIFT_FLAGS = "-D Simpsons";
				PRODUCT_BUNDLE_IDENTIFIER = com.sample.simpsonsviewer;
				PRODUCT_NAME = "$(TARGET_NAME)";
				SWIFT_EMIT_LOC_STRINGS = YES;
				SWIFT_VERSION = 5.0;
				TARGETED_DEVICE_FAMILY = "1,2";
			};
			name = Debug;
		};
		263607C02A02E1AB00C0765E /* Release */ = {
			isa = XCBuildConfiguration;
			buildSettings = {
				ASSETCATALOG_COMPILER_APPICON_NAME = AppIcon;
				ASSETCATALOG_COMPILER_GLOBAL_ACCENT_COLOR_NAME = AccentColor;
				CODE_SIGN_STYLE = Automatic;
				CURRENT_PROJECT_VERSION = 1;
				GENERATE_INFOPLIST_FILE = YES;
				INFOPLIST_FILE = iOSCodingChallenge/Info.plist;
				INFOPLIST_KEY_UIApplicationSupportsIndirectInputEvents = YES;
				INFOPLIST_KEY_UILaunchStoryboardName = LaunchScreen;
				INFOPLIST_KEY_UIMainStoryboardFile = Main;
				INFOPLIST_KEY_UISupportedInterfaceOrientations_iPad = "UIInterfaceOrientationPortrait UIInterfaceOrientationPortraitUpsideDown UIInterfaceOrientationLandscapeLeft UIInterfaceOrientationLandscapeRight";
				INFOPLIST_KEY_UISupportedInterfaceOrientations_iPhone = "UIInterfaceOrientationPortrait UIInterfaceOrientationLandscapeLeft UIInterfaceOrientationLandscapeRight";
				LD_RUNPATH_SEARCH_PATHS = (
					"$(inherited)",
					"@executable_path/Frameworks",
				);
				MARKETING_VERSION = 1.0;
				OTHER_SWIFT_FLAGS = "-D Simpsons";
				PRODUCT_BUNDLE_IDENTIFIER = com.sample.simpsonsviewer;
				PRODUCT_NAME = "$(TARGET_NAME)";
				SWIFT_EMIT_LOC_STRINGS = YES;
				SWIFT_VERSION = 5.0;
				TARGETED_DEVICE_FAMILY = "1,2";
			};
			name = Release;
		};
		263607E92A02FACA00C0765E /* Debug */ = {
			isa = XCBuildConfiguration;
			buildSettings = {
				ASSETCATALOG_COMPILER_APPICON_NAME = AppIcon;
				ASSETCATALOG_COMPILER_GLOBAL_ACCENT_COLOR_NAME = AccentColor;
				CODE_SIGN_STYLE = Automatic;
				CURRENT_PROJECT_VERSION = 1;
				GENERATE_INFOPLIST_FILE = YES;
				INFOPLIST_FILE = "Simpsons Character Viewer copy-Info.plist";
				INFOPLIST_KEY_UIApplicationSupportsIndirectInputEvents = YES;
				INFOPLIST_KEY_UILaunchStoryboardName = LaunchScreen;
				INFOPLIST_KEY_UIMainStoryboardFile = Main;
				INFOPLIST_KEY_UISupportedInterfaceOrientations_iPad = "UIInterfaceOrientationPortrait UIInterfaceOrientationPortraitUpsideDown UIInterfaceOrientationLandscapeLeft UIInterfaceOrientationLandscapeRight";
				INFOPLIST_KEY_UISupportedInterfaceOrientations_iPhone = "UIInterfaceOrientationPortrait UIInterfaceOrientationLandscapeLeft UIInterfaceOrientationLandscapeRight";
				LD_RUNPATH_SEARCH_PATHS = (
					"$(inherited)",
					"@executable_path/Frameworks",
				);
				MARKETING_VERSION = 1.0;
				PRODUCT_BUNDLE_IDENTIFIER = com.sample.wireviewer;
				PRODUCT_NAME = "$(TARGET_NAME)";
				SWIFT_EMIT_LOC_STRINGS = YES;
				SWIFT_VERSION = 5.0;
				TARGETED_DEVICE_FAMILY = "1,2";
			};
			name = Debug;
		};
		263607EA2A02FACA00C0765E /* Release */ = {
			isa = XCBuildConfiguration;
			buildSettings = {
				ASSETCATALOG_COMPILER_APPICON_NAME = AppIcon;
				ASSETCATALOG_COMPILER_GLOBAL_ACCENT_COLOR_NAME = AccentColor;
				CODE_SIGN_STYLE = Automatic;
				CURRENT_PROJECT_VERSION = 1;
				GENERATE_INFOPLIST_FILE = YES;
				INFOPLIST_FILE = "Simpsons Character Viewer copy-Info.plist";
				INFOPLIST_KEY_UIApplicationSupportsIndirectInputEvents = YES;
				INFOPLIST_KEY_UILaunchStoryboardName = LaunchScreen;
				INFOPLIST_KEY_UIMainStoryboardFile = Main;
				INFOPLIST_KEY_UISupportedInterfaceOrientations_iPad = "UIInterfaceOrientationPortrait UIInterfaceOrientationPortraitUpsideDown UIInterfaceOrientationLandscapeLeft UIInterfaceOrientationLandscapeRight";
				INFOPLIST_KEY_UISupportedInterfaceOrientations_iPhone = "UIInterfaceOrientationPortrait UIInterfaceOrientationLandscapeLeft UIInterfaceOrientationLandscapeRight";
				LD_RUNPATH_SEARCH_PATHS = (
					"$(inherited)",
					"@executable_path/Frameworks",
				);
				MARKETING_VERSION = 1.0;
				PRODUCT_BUNDLE_IDENTIFIER = com.sample.wireviewer;
				PRODUCT_NAME = "$(TARGET_NAME)";
				SWIFT_EMIT_LOC_STRINGS = YES;
				SWIFT_VERSION = 5.0;
				TARGETED_DEVICE_FAMILY = "1,2";
			};
			name = Release;
		};
/* End XCBuildConfiguration section */

/* Begin XCConfigurationList section */
		263607A52A02E1AA00C0765E /* Build configuration list for PBXProject "iOSCodingChallenge" */ = {
			isa = XCConfigurationList;
			buildConfigurations = (
				263607BC2A02E1AB00C0765E /* Debug */,
				263607BD2A02E1AB00C0765E /* Release */,
			);
			defaultConfigurationIsVisible = 0;
			defaultConfigurationName = Release;
		};
		263607BE2A02E1AB00C0765E /* Build configuration list for PBXNativeTarget "Simpsons Character Viewer" */ = {
			isa = XCConfigurationList;
			buildConfigurations = (
				263607BF2A02E1AB00C0765E /* Debug */,
				263607C02A02E1AB00C0765E /* Release */,
			);
			defaultConfigurationIsVisible = 0;
			defaultConfigurationName = Release;
		};
		263607E82A02FACA00C0765E /* Build configuration list for PBXNativeTarget "The Wire Character Viewer" */ = {
			isa = XCConfigurationList;
			buildConfigurations = (
				263607E92A02FACA00C0765E /* Debug */,
				263607EA2A02FACA00C0765E /* Release */,
			);
			defaultConfigurationIsVisible = 0;
			defaultConfigurationName = Release;
		};
/* End XCConfigurationList section */
	};
	rootObject = 263607A22A02E1AA00C0765E /* Project object */;
}
